{
  "name": "nodejs-env-cmd",
  "version": "2.0.1",
  "lockfileVersion": 1,
  "requires": true,
  "dependencies": {
    "@types/dotenv": {
      "version": "4.0.3",
      "resolved": "https://registry.npmjs.org/@types/dotenv/-/dotenv-4.0.3.tgz",
      "integrity": "sha512-mmhpINC/HcLGQK5ikFJlLXINVvcxhlrV+ZOUJSN7/ottYl+8X4oSXzS9lBtDkmWAl96EGyGyLrNvk9zqdSH8Fw==",
      "dev": true,
      "requires": {
        "@types/node": "*"
      }
    },
    "@types/minimist": {
      "version": "1.2.0",
      "resolved": "https://registry.npmjs.org/@types/minimist/-/minimist-1.2.0.tgz",
      "integrity": "sha1-aaI6OtKcrwCX8G7aWbNh7i8GOfY=",
      "dev": true
    },
    "@types/node": {
      "version": "10.5.7",
      "resolved": "https://registry.npmjs.org/@types/node/-/node-10.5.7.tgz",
      "integrity": "sha512-VkKcfuitP+Nc/TaTFH0B8qNmn+6NbI6crLkQonbedViVz7O2w8QV/GERPlkJ4bg42VGHiEWa31CoTOPs1q6z1w==",
      "dev": true
    },
    "dotenv": {
      "version": "6.0.0",
      "resolved": "https://registry.npmjs.org/dotenv/-/dotenv-6.0.0.tgz",
      "integrity": "sha512-FlWbnhgjtwD+uNLUGHbMykMOYQaTivdHEmYwAKFjn6GKe/CqY0fNae93ZHTd20snh9ZLr8mTzIL9m0APQ1pjQg=="
    },
    "minimist": {
      "version": "1.2.0",
      "resolved": "https://registry.npmjs.org/minimist/-/minimist-1.2.0.tgz",
      "integrity": "sha1-o1AIsg9BOD7sH7kU9M1d95omQoQ="
    },
    "tslib": {
      "version": "1.9.3",
      "resolved": "https://registry.npmjs.org/tslib/-/tslib-1.9.3.tgz",
      "integrity": "sha512-4krF8scpejhaOgqzBEcGM7yDIEfi0/8+8zDRZhNZZ2kjmHJ4hv3zCbQWxoJGz1iw5U0Jl0nma13xzHXcncMavQ=="
    },
    "typescript": {
      "version": "3.0.1",
      "resolved": "https://registry.npmjs.org/typescript/-/typescript-3.0.1.tgz",
      "integrity": "sha512-zQIMOmC+372pC/CCVLqnQ0zSBiY7HHodU7mpQdjiZddek4GMj31I3dUJ7gAs9o65X7mnRma6OokOkc6f9jjfBg==",
      "dev": true
    }
  }
}
